
Microsoft Visual Studio Solution File, Format Version 12.00
Project("{FAE04EC0-301F-11D3-BF4B-00C04F79EFBC}") = "SimpleModManager", "SimpleModManager\SimpleModManager.csproj", "{650F5063-5231-409C-8FA4-B420072DB5C8}"
EndProject
Global
	GlobalSection(SolutionConfigurationPlatforms) = preSolution
		Debug|Any CPU = Debug|Any CPU
		Release|Any CPU = Release|Any CPU
	EndGlobalSection
	GlobalSection(ProjectConfigurationPlatforms) = postSolution
		{650F5063-5231-409C-8FA4-B420072DB5C8}.Debug|Any CPU.ActiveCfg = Debug|Any CPU
		{650F5063-5231-409C-8FA4-B420072DB5C8}.Debug|Any CPU.Build.0 = Debug|Any CPU
		{650F5063-5231-409C-8FA4-B420072DB5C8}.Release|Any CPU.ActiveCfg = Release|Any CPU
		{650F5063-5231-409C-8FA4-B420072DB5C8}.Release|Any CPU.Build.0 = Release|Any CPU
	EndGlobalSection
EndGlobal
